
Microsoft Visual Studio Solution File, Format Version 12.00
# Visual Studio Version 17
VisualStudioVersion = 17.8.34408.163
MinimumVisualStudioVersion = 10.0.40219.1
Project("{FAE04EC0-301F-11D3-BF4B-00C04F79EFBC}") = "rescobarS6", "rescobarS6\rescobarS6.csproj", "{888BA72C-D3CF-4259-B729-A0C5A477548B}"
EndProject
Global
	GlobalSection(SolutionConfigurationPlatforms) = preSolution
		Debug|Any CPU = Debug|Any CPU
		Release|Any CPU = Release|Any CPU
	EndGlobalSection
	GlobalSection(ProjectConfigurationPlatforms) = postSolution
		{888BA72C-D3CF-4259-B729-A0C5A477548B}.Debug|Any CPU.ActiveCfg = Debug|Any CPU
		{888BA72C-D3CF-4259-B729-A0C5A477548B}.Debug|Any CPU.Build.0 = Debug|Any CPU
		{888BA72C-D3CF-4259-B729-A0C5A477548B}.Debug|Any CPU.Deploy.0 = Debug|Any CPU
		{888BA72C-D3CF-4259-B729-A0C5A477548B}.Release|Any CPU.ActiveCfg = Release|Any CPU
		{888BA72C-D3CF-4259-B729-A0C5A477548B}.Release|Any CPU.Build.0 = Release|Any CPU
		{888BA72C-D3CF-4259-B729-A0C5A477548B}.Release|Any CPU.Deploy.0 = Release|Any CPU
	EndGlobalSection
	GlobalSection(SolutionProperties) = preSolution
		HideSolutionNode = FALSE
	EndGlobalSection
	GlobalSection(ExtensibilityGlobals) = postSolution
		SolutionGuid = {0A05803E-13E4-472A-A7AF-BB03650ECC3A}
	EndGlobalSection
EndGlobal
